// !$*UTF8*$!
{
	archiveVersion = 1;
	classes = {
	};
	objectVersion = 46;
	objects = {

/* Begin PBXBuildFile section */
		D67B85761DC891530046000F /* AppDelegate.swift in Sources */ = {isa = PBXBuildFile; fileRef = D67B85751DC891530046000F /* AppDelegate.swift */; };
		D67B85781DC891530046000F /* ViewController.swift in Sources */ = {isa = PBXBuildFile; fileRef = D67B85771DC891530046000F /* ViewController.swift */; };
		D67B857B1DC891530046000F /* Main.storyboard in Resources */ = {isa = PBXBuildFile; fileRef = D67B85791DC891530046000F /* Main.storyboard */; };
		D67B857D1DC891530046000F /* Assets.xcassets in Resources */ = {isa = PBXBuildFile; fileRef = D67B857C1DC891530046000F /* Assets.xcassets */; };
		D67B85801DC891530046000F /* LaunchScreen.storyboard in Resources */ = {isa = PBXBuildFile; fileRef = D67B857E1DC891530046000F /* LaunchScreen.storyboard */; };
/* End PBXBuildFile section */

/* Begin PBXFileReference section */
		D67B85721DC891530046000F /* MyTencentMap.app */ = {isa = PBXFileReference; explicitFileType = wrapper.application; includeInIndex = 0; path = MyTencentMap.app; sourceTree = BUILT_PRODUCTS_DIR; };
		D67B85751DC891530046000F /* AppDelegate.swift */ = {isa = PBXFileReference; lastKnownFileType = sourcecode.swift; path = AppDelegate.swift; sourceTree = "<group>"; };
		D67B85771DC891530046000F /* ViewController.swift */ = {isa = PBXFileReference; lastKnownFileType = sourcecode.swift; path = ViewController.swift; sourceTree = "<group>"; };
		D67B857A1DC891530046000F /* Base */ = {isa = PBXFileReference; lastKnownFileType = file.storyboard; name = Base; path = Base.lproj/Main.storyboard; sourceTree = "<group>"; };
		D67B857C1DC891530046000F /* Assets.xcassets */ = {isa = PBXFileReference; lastKnownFileType = folder.assetcatalog; path = Assets.xcassets; sourceTree = "<group>"; };
		D67B857F1DC891530046000F /* Base */ = {isa = PBXFileReference; lastKnownFileType = file.storyboard; name = Base; path = Base.lproj/LaunchScreen.storyboard; sourceTree = "<group>"; };
		D67B85811DC891530046000F /* Info.plist */ = {isa = PBXFileReference; lastKnownFileType = text.plist.xml; path = Info.plist; sourceTree = "<group>"; };
/* End PBXFileReference section */

/* Begin PBXFrameworksBuildPhase section */
		D67B856F1DC891530046000F /* Frameworks */ = {
			isa = PBXFrameworksBuildPhase;
			buildActionMask = 2147483647;
			files = (
			);
			runOnlyForDeploymentPostprocessing = 0;
		};
/* End PBXFrameworksBuildPhase section */

/* Begin PBXGroup section */
		D67B85691DC891530046000F = {
			isa = PBXGroup;
			children = (
				D67B85741DC891530046000F /* MyTencentMap */,
				D67B85731DC891530046000F /* Products */,
			);
			sourceTree = "<group>";
		};
		D67B85731DC891530046000F /* Products */ = {
			isa = PBXGroup;
			children = (
				D67B85721DC891530046000F /* MyTencentMap.app */,
			);
			name = Products;
			sourceTree = "<group>";
		};
		D67B85741DC891530046000F /* MyTencentMap */ = {
			isa = PBXGroup;
			children = (
				D67B85751DC891530046000F /* AppDelegate.swift */,
				D67B85771DC891530046000F /* ViewController.swift */,
				D67B85791DC891530046000F /* Main.storyboard */,
				D67B857C1DC891530046000F /* Assets.xcassets */,
				D67B857E1DC891530046000F /* LaunchScreen.storyboard */,
				D67B85811DC891530046000F /* Info.plist */,
			);
			path = MyTencentMap;
			sourceTree = "<group>";
		};
/* End PBXGroup section */

/* Begin PBXNativeTarget section */
		D67B85711DC891530046000F /* MyTencentMap */ = {
			isa = PBXNativeTarget;
			buildConfigurationList = D67B85841DC891530046000F /* Build configuration list for PBXNativeTarget "MyTencentMap" */;
			buildPhases = (
				D67B856E1DC891530046000F /* Sources */,
				D67B856F1DC891530046000F /* Frameworks */,
				D67B85701DC891530046000F /* Resources */,
			);
			buildRules = (
			);
			dependencies = (
			);
			name = MyTencentMap;
			productName = MyTencentMap;
			productReference = D67B85721DC891530046000F /* MyTencentMap.app */;
			productType = "com.apple.product-type.application";
		};
/* End PBXNativeTarget section */

/* Begin PBXProject section */
		D67B856A1DC891530046000F /* Project object */ = {
			isa = PBXProject;
			attributes = {
				LastSwiftUpdateCheck = 0810;
				LastUpgradeCheck = 0810;
				ORGANIZATIONNAME = sqluo;
				TargetAttributes = {
					D67B85711DC891530046000F = {
						CreatedOnToolsVersion = 8.1;
						DevelopmentTeam = NP7D9SC777;
						ProvisioningStyle = Automatic;
					};
				};
			};
			buildConfigurationList = D67B856D1DC891530046000F /* Build configuration list for PBXProject "MyTencentMap" */;
			compatibilityVersion = "Xcode 3.2";
			developmentRegion = English;
			hasScannedForEncodings = 0;
			knownRegions = (
				en,
				Base,
			);
			mainGroup = D67B85691DC891530046000F;
			productRefGroup = D67B85731DC891530046000F /* Products */;
			projectDirPath = "";
			projectRoot = "";
			targets = (
				D67B85711DC891530046000F /* MyTencentMap */,
			);
		};
/* End PBXProject section */

/* Begin PBXResourcesBuildPhase section */
		D67B85701DC891530046000F /* Resources */ = {
			isa = PBXResourcesBuildPhase;
			buildActionMask = 2147483647;
			files = (
				D67B85801DC891530046000F /* LaunchScreen.storyboard in Resources */,
				D67B857D1DC891530046000F /* Assets.xcassets in Resources */,
				D67B857B1DC891530046000F /* Main.storyboard in Resources */,
			);
			runOnlyForDeploymentPostprocessing = 0;
		};
/* End PBXResourcesBuildPhase section */

/* Begin PBXSourcesBuildPhase section */
		D67B856E1DC891530046000F /* Sources */ = {
			isa = PBXSourcesBuildPhase;
			buildActionMask = 2147483647;
			files = (
				D67B85781DC891530046000F /* ViewController.swift in Sources */,
				D67B85761DC891530046000F /* AppDelegate.swift in Sources */,
			);
			runOnlyForDeploymentPostprocessing = 0;
		};
/* End PBXSourcesBuildPhase section */

/* Begin PBXVariantGroup section */
		D67B85791DC891530046000F /* Main.storyboard */ = {
			isa = PBXVariantGroup;
			children = (
				D67B857A1DC891530046000F /* Base */,
			);
			name = Main.storyboard;
			sourceTree = "<group>";
		};
		D67B857E1DC891530046000F /* LaunchScreen.storyboard */ = {
			isa = PBXVariantGroup;
			children = (
				D67B857F1DC891530046000F /* Base */,
			);
			name = LaunchScreen.storyboard;
			sourceTree = "<group>";
		};
/* End PBXVariantGroup section */

/* Begin XCBuildConfiguration section */
		D67B85821DC891530046000F /* Debug */ = {
			isa = XCBuildConfiguration;
			buildSettings = {
				ALWAYS_SEARCH_USER_PATHS = NO;
				CLANG_ANALYZER_NONNULL = YES;
				CLANG_CXX_LANGUAGE_STANDARD = "gnu++0x";
				CLANG_CXX_LIBRARY = "libc++";
				CLANG_ENABLE_MODULES = YES;
				CLANG_ENABLE_OBJC_ARC = YES;
				CLANG_WARN_BOOL_CONVERSION = YES;
				CLANG_WARN_CONSTANT_CONVERSION = YES;
				CLANG_WARN_DIRECT_OBJC_ISA_USAGE = YES_ERROR;
				CLANG_WARN_DOCUMENTATION_COMMENTS = YES;
				CLANG_WARN_EMPTY_BODY = YES;
				CLANG_WARN_ENUM_CONVERSION = YES;
				CLANG_WARN_INFINITE_RECURSION = YES;
				CLANG_WARN_INT_CONVERSION = YES;
				CLANG_WARN_OBJC_ROOT_CLASS = YES_ERROR;
				CLANG_WARN_SUSPICIOUS_MOVES = YES;
				CLANG_WARN_UNREACHABLE_CODE = YES;
				CLANG_WARN__DUPLICATE_METHOD_MATCH = YES;
				"CODE_SIGN_IDENTITY[sdk=iphoneos*]" = "iPhone Developer";
				COPY_PHASE_STRIP = NO;
				DEBUG_INFORMATION_FORMAT = dwarf;
				ENABLE_STRICT_OBJC_MSGSEND = YES;
				ENABLE_TESTABILITY = YES;
				GCC_C_LANGUAGE_STANDARD = gnu99;
				GCC_DYNAMIC_NO_PIC = NO;
				GCC_NO_COMMON_BLOCKS = YES;
				GCC_OPTIMIZATION_LEVEL = 0;
				GCC_PREPROCESSOR_DEFINITIONS = (
					"DEBUG=1",
					"$(inherited)",
				);
				GCC_WARN_64_TO_32_BIT_CONVERSION = YES;
				GCC_WARN_ABOUT_RETURN_TYPE = YES_ERROR;
				GCC_WARN_UNDECLARED_SELECTOR = YES;
				GCC_WARN_UNINITIALIZED_AUTOS = YES_AGGRESSIVE;
				GCC_WARN_UNUSED_FUNCTION = YES;
				GCC_WARN_UNUSED_VARIABLE = YES;
				IPHONEOS_DEPLOYMENT_TARGET = 10.1;
				MTL_ENABLE_DEBUG_INFO = YES;
				ONLY_ACTIVE_ARCH = YES;
				SDKROOT = iphoneos;
				SWIFT_ACTIVE_COMPILATION_CONDITIONS = DEBUG;
				SWIFT_OPTIMIZATION_LEVEL = "-Onone";
			};
			name = Debug;
		};
		D67B85831DC891530046000F /* Release */ = {
			isa = XCBuildConfiguration;
			buildSettings = {
				ALWAYS_SEARCH_USER_PATHS = NO;
				CLANG_ANALYZER_NONNULL = YES;
				CLANG_CXX_LANGUAGE_STANDARD = "gnu++0x";
				CLANG_CXX_LIBRARY = "libc++";
				CLANG_ENABLE_MODULES = YES;
				CLANG_ENABLE_OBJC_ARC = YES;
				CLANG_WARN_BOOL_CONVERSION = YES;
				CLANG_WARN_CONSTANT_CONVERSION = YES;
				CLANG_WARN_DIRECT_OBJC_ISA_USAGE = YES_ERROR;
				CLANG_WARN_DOCUMENTATION_COMMENTS = YES;
				CLANG_WARN_EMPTY_BODY = YES;
				CLANG_WARN_ENUM_CONVERSION = YES;
				CLANG_WARN_INFINITE_RECURSION = YES;
				CLANG_WARN_INT_CONVERSION = YES;
				CLANG_WARN_OBJC_ROOT_CLASS = YES_ERROR;
				CLANG_WARN_SUSPICIOUS_MOVES = YES;
				CLANG_WARN_UNREACHABLE_CODE = YES;
				CLANG_WARN__DUPLICATE_METHOD_MATCH = YES;
				"CODE_SIGN_IDENTITY[sdk=iphoneos*]" = "iPhone Developer";
				COPY_PHASE_STRIP = NO;
				DEBUG_INFORMATION_FORMAT = "dwarf-with-dsym";
				ENABLE_NS_ASSERTIONS = NO;
				ENABLE_STRICT_OBJC_MSGSEND = YES;
				GCC_C_LANGUAGE_STANDARD = gnu99;
				GCC_NO_COMMON_BLOCKS = YES;
				GCC_WARN_64_TO_32_BIT_CONVERSION = YES;
				GCC_WARN_ABOUT_RETURN_TYPE = YES_ERROR;
				GCC_WARN_UNDECLARED_SELECTOR = YES;
				GCC_WARN_UNINITIALIZED_AUTOS = YES_AGGRESSIVE;
				GCC_WARN_UNUSED_FUNCTION = YES;
				GCC_WARN_UNUSED_VARIABLE = YES;
				IPHONEOS_DEPLOYMENT_TARGET = 10.1;
				MTL_ENABLE_DEBUG_INFO = NO;
				SDKROOT = iphoneos;
				SWIFT_OPTIMIZATION_LEVEL = "-Owholemodule";
				VALIDATE_PRODUCT = YES;
			};
			name = Release;
		};
		D67B85851DC891530046000F /* Debug */ = {
			isa = XCBuildConfiguration;
			buildSettings = {
				ASSETCATALOG_COMPILER_APPICON_NAME = AppIcon;
				DEVELOPMENT_TEAM = NP7D9SC777;
				INFOPLIST_FILE = MyTencentMap/Info.plist;
				LD_RUNPATH_SEARCH_PATHS = "$(inherited) @executable_path/Frameworks";
				PRODUCT_BUNDLE_IDENTIFIER = com.sql.MyTencentMap;
				PRODUCT_NAME = "$(TARGET_NAME)";
				SWIFT_VERSION = 3.0;
			};
			name = Debug;
		};
		D67B85861DC891530046000F /* Release */ = {
			isa = XCBuildConfiguration;
			buildSettings = {
				ASSETCATALOG_COMPILER_APPICON_NAME = AppIcon;
				DEVELOPMENT_TEAM = NP7D9SC777;
				INFOPLIST_FILE = MyTencentMap/Info.plist;
				LD_RUNPATH_SEARCH_PATHS = "$(inherited) @executable_path/Frameworks";
				PRODUCT_BUNDLE_IDENTIFIER = com.sql.MyTencentMap;
				PRODUCT_NAME = "$(TARGET_NAME)";
				SWIFT_VERSION = 3.0;
			};
			name = Release;
		};
/* End XCBuildConfiguration section */

/* Begin XCConfigurationList section */
		D67B856D1DC891530046000F /* Build configuration list for PBXProject "MyTencentMap" */ = {
			isa = XCConfigurationList;
			buildConfigurations = (
				D67B85821DC891530046000F /* Debug */,
				D67B85831DC891530046000F /* Release */,
			);
			defaultConfigurationIsVisible = 0;
			defaultConfigurationName = Release;
		};
		D67B85841DC891530046000F /* Build configuration list for PBXNativeTarget "MyTencentMap" */ = {
			isa = XCConfigurationList;
			buildConfigurations = (
				D67B85851DC891530046000F /* Debug */,
				D67B85861DC891530046000F /* Release */,
			);
			defaultConfigurationIsVisible = 0;
		};
/* End XCConfigurationList section */
	};
	rootObject = D67B856A1DC891530046000F /* Project object */;
}
